
Microsoft Visual Studio Solution File, Format Version 12.00
# Visual Studio 15
VisualStudioVersion = 15.0.28307.421
MinimumVisualStudioVersion = 10.0.40219.1
Project("{8BC9CEB8-8B4A-11D0-8D11-00A0C91BC942}") = "InteractiveAgents", "InteractiveAgents\InteractiveAgents.vcxproj", "{872BD21A-9E05-4E7E-AD9A-C37B6CB90995}"
EndProject
Global
	GlobalSection(SolutionConfigurationPlatforms) = preSolution
		Debug|x64 = Debug|x64
		Debug|x86 = Debug|x86
		Release|x64 = Release|x64
		Release|x86 = Release|x86
	EndGlobalSection
	GlobalSection(ProjectConfigurationPlatforms) = postSolution
		{872BD21A-9E05-4E7E-AD9A-C37B6CB90995}.Debug|x64.ActiveCfg = Debug|x64
		{872BD21A-9E05-4E7E-AD9A-C37B6CB90995}.Debug|x64.Build.0 = Debug|x64
		{872BD21A-9E05-4E7E-AD9A-C37B6CB90995}.Debug|x86.ActiveCfg = Debug|Win32
		{872BD21A-9E05-4E7E-AD9A-C37B6CB90995}.Debug|x86.Build.0 = Debug|Win32
		{872BD21A-9E05-4E7E-AD9A-C37B6CB90995}.Release|x64.ActiveCfg = Release|x64
		{872BD21A-9E05-4E7E-AD9A-C37B6CB90995}.Release|x64.Build.0 = Release|x64
		{872BD21A-9E05-4E7E-AD9A-C37B6CB90995}.Release|x86.ActiveCfg = Release|Win32
		{872BD21A-9E05-4E7E-AD9A-C37B6CB90995}.Release|x86.Build.0 = Release|Win32
	EndGlobalSection
	GlobalSection(SolutionProperties) = preSolution
		HideSolutionNode = FALSE
	EndGlobalSection
	GlobalSection(ExtensibilityGlobals) = postSolution
		SolutionGuid = {3D2D5DB7-01D1-412C-8D38-FD97B9F05EA8}
	EndGlobalSection
EndGlobal
